
Microsoft Visual Studio Solution File, Format Version 12.00
# Visual Studio 14
VisualStudioVersion = 14.0.25420.1
MinimumVisualStudioVersion = 10.0.40219.1
Project("{8BC9CEB8-8B4A-11D0-8D11-00A0C91BC942}") = "AddDigits", "AddDigits\AddDigits.vcxproj", "{131BD2F0-7315-405A-99CB-8DBE0DA051BD}"
EndProject
Project("{8BC9CEB8-8B4A-11D0-8D11-00A0C91BC942}") = "AssignCookies", "AssignCookies\AssignCookies.vcxproj", "{3FD285B6-21F0-4BCE-90CD-9921CD05F277}"
EndProject
Project("{8BC9CEB8-8B4A-11D0-8D11-00A0C91BC942}") = "FindTheDifference", "FindTheDifference\FindTheDifference.vcxproj", "{28702A12-B236-4D61-B6A8-B818277817D6}"
EndProject
Project("{8BC9CEB8-8B4A-11D0-8D11-00A0C91BC942}") = "FizzBuzz", "FizzBuzz\FizzBuzz.vcxproj", "{8F389B5F-C293-4D14-9AF2-8BF96D944AE6}"
EndProject
Project("{8BC9CEB8-8B4A-11D0-8D11-00A0C91BC942}") = "InvertBinaryTree", "InvertBinaryTree\InvertBinaryTree.vcxproj", "{CE22706E-763E-470D-BA5A-DB4B80167705}"
EndProject
Project("{8BC9CEB8-8B4A-11D0-8D11-00A0C91BC942}") = "IslandPerimeter", "IslandPerimeter\IslandPerimeter.vcxproj", "{7E0631FF-4A49-4BEE-8B46-6F83812735FC}"
EndProject
Project("{8BC9CEB8-8B4A-11D0-8D11-00A0C91BC942}") = "MaximumDepthOfBinaryTree", "MaximumDepthOfBinaryTree\MaximumDepthOfBinaryTree.vcxproj", "{2976B845-E96E-4D83-902A-B7EB768CE705}"
EndProject
Project("{8BC9CEB8-8B4A-11D0-8D11-00A0C91BC942}") = "NimGame", "NimGame\NimGame.vcxproj", "{FB2017C4-3436-49CF-A465-BFB5CBECA119}"
EndProject
Project("{8BC9CEB8-8B4A-11D0-8D11-00A0C91BC942}") = "ReverseString", "ReverseString\ReverseString.vcxproj", "{38E88F6A-796A-415C-B689-4C77D976DF12}"
EndProject
Project("{8BC9CEB8-8B4A-11D0-8D11-00A0C91BC942}") = "SingleNumber", "SingleNumber\SingleNumber.vcxproj", "{3D42FD9B-1ECA-4EB2-80BC-BECA5E2D97E1}"
EndProject
Project("{8BC9CEB8-8B4A-11D0-8D11-00A0C91BC942}") = "SumOfTwoIntegers", "SumOfTwoIntegers\SumOfTwoIntegers.vcxproj", "{6207BA94-8185-4EEA-9AE9-955453E5BA0F}"
EndProject
Project("{8BC9CEB8-8B4A-11D0-8D11-00A0C91BC942}") = "IntersectionOfTwoArrays", "IntersectionOfTwoArrays\IntersectionOfTwoArrays.vcxproj", "{9EE6C828-D129-414F-93B4-BE732E43E6AB}"
EndProject
Project("{8BC9CEB8-8B4A-11D0-8D11-00A0C91BC942}") = "DeleteNodeInALinkedList", "DeleteNodeInALinkedList\DeleteNodeInALinkedList.vcxproj", "{DDD75C03-947B-4A22-B379-8B76FDB354BB}"
EndProject
Project("{8BC9CEB8-8B4A-11D0-8D11-00A0C91BC942}") = "FirstUniqueCharacterInAString", "FirstUniqueCharacterInAString\FirstUniqueCharacterInAString.vcxproj", "{06316FF0-5D1B-46C4-8B0F-0979DCA04BEE}"
EndProject
Project("{8BC9CEB8-8B4A-11D0-8D11-00A0C91BC942}") = "SameTree", "SameTree\SameTree.vcxproj", "{0D22BB64-AF37-4001-B443-135A0FC2EEB2}"
EndProject
Project("{8BC9CEB8-8B4A-11D0-8D11-00A0C91BC942}") = "ExcelSheetColumnNumber", "ExcelSheetColumnNumber\ExcelSheetColumnNumber.vcxproj", "{5143855B-54AE-4FBD-AB30-77DA2C89D2E0}"
EndProject
Project("{8BC9CEB8-8B4A-11D0-8D11-00A0C91BC942}") = "ValidAnagram", "ValidAnagram\ValidAnagram.vcxproj", "{F3630821-33EE-4A3F-8512-B23E7DAC0C5A}"
EndProject
Project("{8BC9CEB8-8B4A-11D0-8D11-00A0C91BC942}") = "MajorityElement", "MajorityElement\MajorityElement.vcxproj", "{72378CCA-0159-4D39-8CFC-D60C2BB7CA33}"
EndProject
Project("{8BC9CEB8-8B4A-11D0-8D11-00A0C91BC942}") = "LongestPalindrome", "LongestPalindrome\LongestPalindrome.vcxproj", "{5291CF1F-869B-4583-B56A-3E861E17D3C1}"
EndProject
Project("{8BC9CEB8-8B4A-11D0-8D11-00A0C91BC942}") = "ContainsDuplicate", "ContainsDuplicate\ContainsDuplicate.vcxproj", "{BC839F45-1699-469E-B0E2-204076320C5F}"
EndProject
Project("{8BC9CEB8-8B4A-11D0-8D11-00A0C91BC942}") = "IntersectionOfTwoArraysII", "IntersectionOfTwoArraysII\IntersectionOfTwoArraysII.vcxproj", "{791ECB3F-9355-4A83-9066-1C2C15DDC480}"
EndProject
Project("{8BC9CEB8-8B4A-11D0-8D11-00A0C91BC942}") = "ReverseLinkedList", "ReverseLinkedList\ReverseLinkedList.vcxproj", "{A3C48F95-E585-4561-8564-0E2102F21BFC}"
EndProject
Project("{8BC9CEB8-8B4A-11D0-8D11-00A0C91BC942}") = "RomanToInteger", "RomanToInteger\RomanToInteger.vcxproj", "{0A70E92A-031B-4A19-87E0-C8DBB1364723}"
EndProject
Project("{8BC9CEB8-8B4A-11D0-8D11-00A0C91BC942}") = "BinaryWatch", "BinaryWatch\BinaryWatch.vcxproj", "{287E2B7C-9C8E-4A31-85CD-5E67A62F0C4E}"
EndProject
Project("{8BC9CEB8-8B4A-11D0-8D11-00A0C91BC942}") = "HammingDistance", "HammingDistance\HammingDistance.vcxproj", "{459E6716-E331-417F-8488-C6407D376941}"
EndProject
Project("{8BC9CEB8-8B4A-11D0-8D11-00A0C91BC942}") = "NumberOfBoomerangs", "NumberOfBoomerangs\NumberOfBoomerangs.vcxproj", "{88167CA9-AFA5-470C-ADFB-C7160CB2D0BC}"
EndProject
Project("{8BC9CEB8-8B4A-11D0-8D11-00A0C91BC942}") = "FindAllNumbersDisappearedInAnArray", "FindAllNumbersDisappearedInAnArray\FindAllNumbersDisappearedInAnArray.vcxproj", "{AEDB31FB-7909-4022-924E-F28C74DAE9EE}"
EndProject
Project("{8BC9CEB8-8B4A-11D0-8D11-00A0C91BC942}") = "NumberComplement", "NumberComplement\NumberComplement.vcxproj", "{8FFBEC16-2DD7-4AF4-8409-8027E9C0B37F}"
EndProject
Project("{8BC9CEB8-8B4A-11D0-8D11-00A0C91BC942}") = "KeyboardRow", "KeyboardRow\KeyboardRow.vcxproj", "{B7CD6273-5865-4DE3-80D5-9AEDB2B71EAB}"
EndProject
Project("{8BC9CEB8-8B4A-11D0-8D11-00A0C91BC942}") = "NextGreaterElementI", "NextGreaterElementI\NextGreaterElementI.vcxproj", "{82E0F1F4-CF03-4952-AB0B-0D3740A1E78D}"
EndProject
Project("{8BC9CEB8-8B4A-11D0-8D11-00A0C91BC942}") = "MaxConsecutiveOnes", "MaxConsecutiveOnes\MaxConsecutiveOnes.vcxproj", "{987E45F9-486C-4528-BE1A-A3A6A0A3CE37}"
EndProject
Project("{8BC9CEB8-8B4A-11D0-8D11-00A0C91BC942}") = "DetectCapital", "DetectCapital\DetectCapital.vcxproj", "{D0B8F6A7-4557-4515-8705-AA5EEF8882E0}"
EndProject
Project("{8BC9CEB8-8B4A-11D0-8D11-00A0C91BC942}") = "ConstructTheRectangle", "ConstructTheRectangle\ConstructTheRectangle.vcxproj", "{8F45ECAE-39F5-4311-94B5-6BEA869E211A}"
EndProject
Project("{8BC9CEB8-8B4A-11D0-8D11-00A0C91BC942}") = "MinimumAbsoluteDifferenceInBST", "MinimumAbsoluteDifferenceInBST\MinimumAbsoluteDifferenceInBST.vcxproj", "{611F093B-6E58-42B8-8ACA-2BA329AD419A}"
EndProject
Project("{8BC9CEB8-8B4A-11D0-8D11-00A0C91BC942}") = "RelativeRanks", "RelativeRanks\RelativeRanks.vcxproj", "{FC2D2002-6EF8-420C-A0BA-D1A24EBBB328}"
EndProject
Project("{8BC9CEB8-8B4A-11D0-8D11-00A0C91BC942}") = "TwoSumII", "TwoSumII\TwoSumII.vcxproj", "{BD2486D7-53AB-4B26-9137-A0A9C0DAF028}"
EndProject
Project("{8BC9CEB8-8B4A-11D0-8D11-00A0C91BC942}") = "Base7", "Base7\Base7.vcxproj", "{766445D3-63AA-405A-BF46-26C14324C0F4}"
EndProject
Project("{8BC9CEB8-8B4A-11D0-8D11-00A0C91BC942}") = "MissingNumber", "MissingNumber\MissingNumber.vcxproj", "{D3ED13DD-96C3-4716-8CFE-9FA35B987FBC}"
EndProject
Project("{8BC9CEB8-8B4A-11D0-8D11-00A0C91BC942}") = "BestTimeToBuyAndSellStockII", "BestTimeToBuyAndSellStockII\BestTimeToBuyAndSellStockII.vcxproj", "{2DA0925F-3FF9-4828-87FE-813C1AE54D80}"
EndProject
Project("{8BC9CEB8-8B4A-11D0-8D11-00A0C91BC942}") = "AddStrings", "AddStrings\AddStrings.vcxproj", "{CD5FF886-4C51-4584-BBFA-A077F3646F16}"
EndProject
Project("{8BC9CEB8-8B4A-11D0-8D11-00A0C91BC942}") = "ConvertSortedArrayToBinarySearchTree", "ConvertSortedArrayToBinarySearchTree\ConvertSortedArrayToBinarySearchTree.vcxproj", "{D5FE1B7F-29BF-4103-A0E8-72AFE70823F7}"
EndProject
Project("{8BC9CEB8-8B4A-11D0-8D11-00A0C91BC942}") = "SelfDrivingNumbers", "SelfDrivingNumbers\SelfDrivingNumbers.vcxproj", "{6E681613-7901-4C8E-89B9-644E62CF303D}"
EndProject
Project("{8BC9CEB8-8B4A-11D0-8D11-00A0C91BC942}") = "JudgeRouteCircle", "JudgeRouteCircle\JudgeRouteCircle.vcxproj", "{03C87FAB-0F36-4B1E-BDEA-46A6066B9418}"
EndProject
Project("{8BC9CEB8-8B4A-11D0-8D11-00A0C91BC942}") = "MergeTwoBinaryTrees", "MergeTwoBinaryTrees\MergeTwoBinaryTrees.vcxproj", "{E1ECBB7B-FF3B-45FB-9632-768D4B30D71B}"
EndProject
Project("{8BC9CEB8-8B4A-11D0-8D11-00A0C91BC942}") = "ArrayPartitionI", "ArrayPartitionI\ArrayPartitionI.vcxproj", "{FFB3E719-673B-4619-B476-27BE3C2B0957}"
EndProject
Project("{8BC9CEB8-8B4A-11D0-8D11-00A0C91BC942}") = "ReverseWordsinaStringIII", "ReverseWordsinaStringIII\ReverseWordsinaStringIII.vcxproj", "{E3C0C607-C135-4984-BAC9-FEEC678F7675}"
EndProject
Project("{8BC9CEB8-8B4A-11D0-8D11-00A0C91BC942}") = "BaseballGame", "BaseballGame\BaseballGame.vcxproj", "{4FF8CE64-FABE-4F17-B454-42896ED53A54}"
EndProject
Project("{8BC9CEB8-8B4A-11D0-8D11-00A0C91BC942}") = "DistributeCandies", "DistributeCandies\DistributeCandies.vcxproj", "{79D200C0-26CB-4E33-89FB-F09F87B4D585}"
EndProject
Project("{8BC9CEB8-8B4A-11D0-8D11-00A0C91BC942}") = "ReshapeTheMatrix", "ReshapeTheMatrix\ReshapeTheMatrix.vcxproj", "{211EE8C6-6478-4B1C-9525-53B28BAD1B9C}"
EndProject
Project("{8BC9CEB8-8B4A-11D0-8D11-00A0C91BC942}") = "TrimABinarySearchTree", "TrimABinarySearchTree\TrimABinarySearchTree.vcxproj", "{D643356D-4710-404C-B3EF-0E8981AA692F}"
EndProject
Project("{8BC9CEB8-8B4A-11D0-8D11-00A0C91BC942}") = "LongestUncommonSubsequenceI", "LongestUncommonSubsequenceI\LongestUncommonSubsequenceI.vcxproj", "{9EBD8FE3-296F-4372-8231-896C53257073}"
EndProject
Project("{8BC9CEB8-8B4A-11D0-8D11-00A0C91BC942}") = "AverageOfLevelsInBinaryTree", "AverageOfLevelsInBinaryTree\AverageOfLevelsInBinaryTree.vcxproj", "{8CBAE736-D1BF-4A33-B633-7B826EFB4A8A}"
EndProject
Project("{8BC9CEB8-8B4A-11D0-8D11-00A0C91BC942}") = "BinaryNumberWithAlternatingBits", "BinaryNumberWithAlternatingBits\BinaryNumberWithAlternatingBits.vcxproj", "{3DA6971F-6119-47F1-B9D8-FBD6B19325C0}"
EndProject
Project("{8BC9CEB8-8B4A-11D0-8D11-00A0C91BC942}") = "EmployeeImportance", "EmployeeImportance\EmployeeImportance.vcxproj", "{CD41B453-6D69-4079-AD34-CFB86FAE7A16}"
EndProject
Project("{8BC9CEB8-8B4A-11D0-8D11-00A0C91BC942}") = "MaxAreaOfIsland", "MaxAreaOfIsland\MaxAreaOfIsland.vcxproj", "{9E4E1898-F855-4EA1-81C2-37BDFF63DF80}"
EndProject
Project("{8BC9CEB8-8B4A-11D0-8D11-00A0C91BC942}") = "CountBinarySubstrings", "CountBinarySubstrings\CountBinarySubstrings.vcxproj", "{0ADEB095-5D48-43FD-AFC7-DFE5BC52D369}"
EndProject
Project("{8BC9CEB8-8B4A-11D0-8D11-00A0C91BC942}") = "FindSmallestLetterGreaterThanTarget", "FindSmallestLetterGreaterThanTarget\FindSmallestLetterGreaterThanTarget.vcxproj", "{D5AF5CB8-BCD0-435F-BB4A-ECBF8F9C3629}"
EndProject
Project("{8BC9CEB8-8B4A-11D0-8D11-00A0C91BC942}") = "1-bitAnd2-bitCharacters", "1-bitAnd2-bitCharacters\1-bitAnd2-bitCharacters.vcxproj", "{9D8C6503-395E-43E7-8532-91502B8C4478}"
EndProject
Project("{8BC9CEB8-8B4A-11D0-8D11-00A0C91BC942}") = "TwoSumIV-InputIsABST", "TwoSumIV-InputIsABST\TwoSumIV-InputIsABST.vcxproj", "{4CDCCE98-11E9-4F3C-8BA2-8353141EBA99}"
EndProject
Project("{8BC9CEB8-8B4A-11D0-8D11-00A0C91BC942}") = "ConstructStringFromBinaryTree", "ConstructStringFromBinaryTree\ConstructStringFromBinaryTree.vcxproj", "{CBBAFD8E-DBEE-4A95-843C-C5266BCDFABE}"
EndProject
Project("{8BC9CEB8-8B4A-11D0-8D11-00A0C91BC942}") = "FloodFill", "FloodFill\FloodFill.vcxproj", "{F500A16D-F2E5-4DED-A0FE-0AF949FD4302}"
EndProject
Project("{8BC9CEB8-8B4A-11D0-8D11-00A0C91BC942}") = "ConvertBSTToGreaterTree", "ConvertBSTToGreaterTree\ConvertBSTToGreaterTree.vcxproj", "{5A7F146D-C1A0-4153-9841-9C5508247043}"
EndProject
Project("{8BC9CEB8-8B4A-11D0-8D11-00A0C91BC942}") = "RangeAdditionII", "RangeAdditionII\RangeAdditionII.vcxproj", "{03F13090-8050-4C82-B938-B2F4F79DF0CA}"
EndProject
Project("{8BC9CEB8-8B4A-11D0-8D11-00A0C91BC942}") = "BinaryTreeTilt", "BinaryTreeTilt\BinaryTreeTilt.vcxproj", "{4FEA94CF-427D-45A7-A038-93EE9ADC6EAF}"
EndProject
Project("{8BC9CEB8-8B4A-11D0-8D11-00A0C91BC942}") = "DegreeOfAnArray", "DegreeOfAnArray\DegreeOfAnArray.vcxproj", "{90490B5C-B1B6-48FB-8385-2F93F4C84FD2}"
EndProject
Project("{8BC9CEB8-8B4A-11D0-8D11-00A0C91BC942}") = "MinimumIndexSumOfTwoLists", "MinimumIndexSumOfTwoLists\MinimumIndexSumOfTwoLists.vcxproj", "{343BD25A-CE97-4E8F-8FD9-55CD872B20C7}"
EndProject
Project("{8BC9CEB8-8B4A-11D0-8D11-00A0C91BC942}") = "LargestNumberGreaterThanTwiceOfOthers", "LargestNumberGreaterThanTwiceOfOthers\LargestNumberGreaterThanTwiceOfOthers.vcxproj", "{81B7CCCE-3625-457B-8961-E2BF02091066}"
EndProject
Project("{8BC9CEB8-8B4A-11D0-8D11-00A0C91BC942}") = "MinCostClimbingStairs", "MinCostClimbingStairs\MinCostClimbingStairs.vcxproj", "{E7E64D82-7EAB-495B-B875-5CC2AEE39BF9}"
EndProject
Project("{8BC9CEB8-8B4A-11D0-8D11-00A0C91BC942}") = "ImageSmoother", "ImageSmoother\ImageSmoother.vcxproj", "{F8E7C2BE-F1CF-405B-9847-5E0B1FF27286}"
EndProject
Project("{8BC9CEB8-8B4A-11D0-8D11-00A0C91BC942}") = "ReverseStringII", "ReverseStringII\ReverseStringII.vcxproj", "{1DC72C18-07D3-462F-96DD-448498B96B21}"
EndProject
Project("{8BC9CEB8-8B4A-11D0-8D11-00A0C91BC942}") = "LongestContinuousIncreasingSubsequence", "LongestContinuousIncreasingSubsequence\LongestContinuousIncreasingSubsequence.vcxproj", "{81880653-9FDD-4E15-B3E7-D7FB977AEA42}"
EndProject
Project("{8BC9CEB8-8B4A-11D0-8D11-00A0C91BC942}") = "FindAnagramMappings", "FindAnagramMappings\FindAnagramMappings.vcxproj", "{707485D8-28A8-4BA7-A688-CB93D93155E1}"
EndProject
Project("{8BC9CEB8-8B4A-11D0-8D11-00A0C91BC942}") = "MaximumProductOfThreeNumbers", "MaximumProductOfThreeNumbers\MaximumProductOfThreeNumbers.vcxproj", "{372C35D9-36E8-4665-B1B1-2F5A2636D460}"
EndProject
Project("{8BC9CEB8-8B4A-11D0-8D11-00A0C91BC942}") = "DiameterOfBinaryTree", "DiameterOfBinaryTree\DiameterOfBinaryTree.vcxproj", "{45A06342-1401-40AD-B3F9-16E619A2A22B}"
EndProject
Project("{8BC9CEB8-8B4A-11D0-8D11-00A0C91BC942}") = "BestTimeToBuyAndSellStock", "BestTimeToBuyAndSellStock\BestTimeToBuyAndSellStock.vcxproj", "{DD7F23E4-FF96-4970-B647-F28E180D249E}"
EndProject
Project("{8BC9CEB8-8B4A-11D0-8D11-00A0C91BC942}") = "SecondMinimumNodeInABinaryTree", "SecondMinimumNodeInABinaryTree\SecondMinimumNodeInABinaryTree.vcxproj", "{8F891D03-C949-45A8-ABA6-6B47DF00A15C}"
EndProject
Project("{8BC9CEB8-8B4A-11D0-8D11-00A0C91BC942}") = "LongestWordInDictionary", "LongestWordInDictionary\LongestWordInDictionary.vcxproj", "{24DEA516-3DE8-458E-A40A-2B3765F0D07A}"
EndProject
Project("{8BC9CEB8-8B4A-11D0-8D11-00A0C91BC942}") = "BinaryTreeLevelOrderTraversalII", "BinaryTreeLevelOrderTraversalII\BinaryTreeLevelOrderTraversalII.vcxproj", "{E4BB3560-44B4-4D20-9BD8-88F3FDF3B6FA}"
EndProject
Project("{8BC9CEB8-8B4A-11D0-8D11-00A0C91BC942}") = "LongestHarmoniousSubsequence", "LongestHarmoniousSubsequence\LongestHarmoniousSubsequence.vcxproj", "{06B56577-D149-4CB9-B15A-0A266179FC8A}"
EndProject
Global
	GlobalSection(SolutionConfigurationPlatforms) = preSolution
		Debug|x64 = Debug|x64
		Debug|x86 = Debug|x86
		Release|x64 = Release|x64
		Release|x86 = Release|x86
	EndGlobalSection
	GlobalSection(ProjectConfigurationPlatforms) = postSolution
		{131BD2F0-7315-405A-99CB-8DBE0DA051BD}.Debug|x64.ActiveCfg = Debug|x64
		{131BD2F0-7315-405A-99CB-8DBE0DA051BD}.Debug|x64.Build.0 = Debug|x64
		{131BD2F0-7315-405A-99CB-8DBE0DA051BD}.Debug|x86.ActiveCfg = Debug|Win32
		{131BD2F0-7315-405A-99CB-8DBE0DA051BD}.Debug|x86.Build.0 = Debug|Win32
		{131BD2F0-7315-405A-99CB-8DBE0DA051BD}.Release|x64.ActiveCfg = Release|x64
		{131BD2F0-7315-405A-99CB-8DBE0DA051BD}.Release|x64.Build.0 = Release|x64
		{131BD2F0-7315-405A-99CB-8DBE0DA051BD}.Release|x86.ActiveCfg = Release|Win32
		{131BD2F0-7315-405A-99CB-8DBE0DA051BD}.Release|x86.Build.0 = Release|Win32
		{3FD285B6-21F0-4BCE-90CD-9921CD05F277}.Debug|x64.ActiveCfg = Debug|x64
		{3FD285B6-21F0-4BCE-90CD-9921CD05F277}.Debug|x64.Build.0 = Debug|x64
		{3FD285B6-21F0-4BCE-90CD-9921CD05F277}.Debug|x86.ActiveCfg = Debug|Win32
		{3FD285B6-21F0-4BCE-90CD-9921CD05F277}.Debug|x86.Build.0 = Debug|Win32
		{3FD285B6-21F0-4BCE-90CD-9921CD05F277}.Release|x64.ActiveCfg = Release|x64
		{3FD285B6-21F0-4BCE-90CD-9921CD05F277}.Release|x64.Build.0 = Release|x64
		{3FD285B6-21F0-4BCE-90CD-9921CD05F277}.Release|x86.ActiveCfg = Release|Win32
		{3FD285B6-21F0-4BCE-90CD-9921CD05F277}.Release|x86.Build.0 = Release|Win32
		{28702A12-B236-4D61-B6A8-B818277817D6}.Debug|x64.ActiveCfg = Debug|x64
		{28702A12-B236-4D61-B6A8-B818277817D6}.Debug|x64.Build.0 = Debug|x64
		{28702A12-B236-4D61-B6A8-B818277817D6}.Debug|x86.ActiveCfg = Debug|Win32
		{28702A12-B236-4D61-B6A8-B818277817D6}.Debug|x86.Build.0 = Debug|Win32
		{28702A12-B236-4D61-B6A8-B818277817D6}.Release|x64.ActiveCfg = Release|x64
		{28702A12-B236-4D61-B6A8-B818277817D6}.Release|x64.Build.0 = Release|x64
		{28702A12-B236-4D61-B6A8-B818277817D6}.Release|x86.ActiveCfg = Release|Win32
		{28702A12-B236-4D61-B6A8-B818277817D6}.Release|x86.Build.0 = Release|Win32
		{8F389B5F-C293-4D14-9AF2-8BF96D944AE6}.Debug|x64.ActiveCfg = Debug|x64
		{8F389B5F-C293-4D14-9AF2-8BF96D944AE6}.Debug|x64.Build.0 = Debug|x64
		{8F389B5F-C293-4D14-9AF2-8BF96D944AE6}.Debug|x86.ActiveCfg = Debug|Win32
		{8F389B5F-C293-4D14-9AF2-8BF96D944AE6}.Debug|x86.Build.0 = Debug|Win32
		{8F389B5F-C293-4D14-9AF2-8BF96D944AE6}.Release|x64.ActiveCfg = Release|x64
		{8F389B5F-C293-4D14-9AF2-8BF96D944AE6}.Release|x64.Build.0 = Release|x64
		{8F389B5F-C293-4D14-9AF2-8BF96D944AE6}.Release|x86.ActiveCfg = Release|Win32
		{8F389B5F-C293-4D14-9AF2-8BF96D944AE6}.Release|x86.Build.0 = Release|Win32
		{CE22706E-763E-470D-BA5A-DB4B80167705}.Debug|x64.ActiveCfg = Debug|x64
		{CE22706E-763E-470D-BA5A-DB4B80167705}.Debug|x64.Build.0 = Debug|x64
		{CE22706E-763E-470D-BA5A-DB4B80167705}.Debug|x86.ActiveCfg = Debug|Win32
		{CE22706E-763E-470D-BA5A-DB4B80167705}.Debug|x86.Build.0 = Debug|Win32
		{CE22706E-763E-470D-BA5A-DB4B80167705}.Release|x64.ActiveCfg = Release|x64
		{CE22706E-763E-470D-BA5A-DB4B80167705}.Release|x64.Build.0 = Release|x64
		{CE22706E-763E-470D-BA5A-DB4B80167705}.Release|x86.ActiveCfg = Release|Win32
		{CE22706E-763E-470D-BA5A-DB4B80167705}.Release|x86.Build.0 = Release|Win32
		{7E0631FF-4A49-4BEE-8B46-6F83812735FC}.Debug|x64.ActiveCfg = Debug|x64
		{7E0631FF-4A49-4BEE-8B46-6F83812735FC}.Debug|x64.Build.0 = Debug|x64
		{7E0631FF-4A49-4BEE-8B46-6F83812735FC}.Debug|x86.ActiveCfg = Debug|Win32
		{7E0631FF-4A49-4BEE-8B46-6F83812735FC}.Debug|x86.Build.0 = Debug|Win32
		{7E0631FF-4A49-4BEE-8B46-6F83812735FC}.Release|x64.ActiveCfg = Release|x64
		{7E0631FF-4A49-4BEE-8B46-6F83812735FC}.Release|x64.Build.0 = Release|x64
		{7E0631FF-4A49-4BEE-8B46-6F83812735FC}.Release|x86.ActiveCfg = Release|Win32
		{7E0631FF-4A49-4BEE-8B46-6F83812735FC}.Release|x86.Build.0 = Release|Win32
		{2976B845-E96E-4D83-902A-B7EB768CE705}.Debug|x64.ActiveCfg = Debug|x64
		{2976B845-E96E-4D83-902A-B7EB768CE705}.Debug|x64.Build.0 = Debug|x64
		{2976B845-E96E-4D83-902A-B7EB768CE705}.Debug|x86.ActiveCfg = Debug|Win32
		{2976B845-E96E-4D83-902A-B7EB768CE705}.Debug|x86.Build.0 = Debug|Win32
		{2976B845-E96E-4D83-902A-B7EB768CE705}.Release|x64.ActiveCfg = Release|x64
		{2976B845-E96E-4D83-902A-B7EB768CE705}.Release|x64.Build.0 = Release|x64
		{2976B845-E96E-4D83-902A-B7EB768CE705}.Release|x86.ActiveCfg = Release|Win32
		{2976B845-E96E-4D83-902A-B7EB768CE705}.Release|x86.Build.0 = Release|Win32
		{FB2017C4-3436-49CF-A465-BFB5CBECA119}.Debug|x64.ActiveCfg = Debug|x64
		{FB2017C4-3436-49CF-A465-BFB5CBECA119}.Debug|x64.Build.0 = Debug|x64
		{FB2017C4-3436-49CF-A465-BFB5CBECA119}.Debug|x86.ActiveCfg = Debug|Win32
		{FB2017C4-3436-49CF-A465-BFB5CBECA119}.Debug|x86.Build.0 = Debug|Win32
		{FB2017C4-3436-49CF-A465-BFB5CBECA119}.Release|x64.ActiveCfg = Release|x64
		{FB2017C4-3436-49CF-A465-BFB5CBECA119}.Release|x64.Build.0 = Release|x64
		{FB2017C4-3436-49CF-A465-BFB5CBECA119}.Release|x86.ActiveCfg = Release|Win32
		{FB2017C4-3436-49CF-A465-BFB5CBECA119}.Release|x86.Build.0 = Release|Win32
		{38E88F6A-796A-415C-B689-4C77D976DF12}.Debug|x64.ActiveCfg = Debug|x64
		{38E88F6A-796A-415C-B689-4C77D976DF12}.Debug|x64.Build.0 = Debug|x64
		{38E88F6A-796A-415C-B689-4C77D976DF12}.Debug|x86.ActiveCfg = Debug|Win32
		{38E88F6A-796A-415C-B689-4C77D976DF12}.Debug|x86.Build.0 = Debug|Win32
		{38E88F6A-796A-415C-B689-4C77D976DF12}.Release|x64.ActiveCfg = Release|x64
		{38E88F6A-796A-415C-B689-4C77D976DF12}.Release|x64.Build.0 = Release|x64
		{38E88F6A-796A-415C-B689-4C77D976DF12}.Release|x86.ActiveCfg = Release|Win32
		{38E88F6A-796A-415C-B689-4C77D976DF12}.Release|x86.Build.0 = Release|Win32
		{3D42FD9B-1ECA-4EB2-80BC-BECA5E2D97E1}.Debug|x64.ActiveCfg = Debug|x64
		{3D42FD9B-1ECA-4EB2-80BC-BECA5E2D97E1}.Debug|x64.Build.0 = Debug|x64
		{3D42FD9B-1ECA-4EB2-80BC-BECA5E2D97E1}.Debug|x86.ActiveCfg = Debug|Win32
		{3D42FD9B-1ECA-4EB2-80BC-BECA5E2D97E1}.Debug|x86.Build.0 = Debug|Win32
		{3D42FD9B-1ECA-4EB2-80BC-BECA5E2D97E1}.Release|x64.ActiveCfg = Release|x64
		{3D42FD9B-1ECA-4EB2-80BC-BECA5E2D97E1}.Release|x64.Build.0 = Release|x64
		{3D42FD9B-1ECA-4EB2-80BC-BECA5E2D97E1}.Release|x86.ActiveCfg = Release|Win32
		{3D42FD9B-1ECA-4EB2-80BC-BECA5E2D97E1}.Release|x86.Build.0 = Release|Win32
		{6207BA94-8185-4EEA-9AE9-955453E5BA0F}.Debug|x64.ActiveCfg = Debug|x64
		{6207BA94-8185-4EEA-9AE9-955453E5BA0F}.Debug|x64.Build.0 = Debug|x64
		{6207BA94-8185-4EEA-9AE9-955453E5BA0F}.Debug|x86.ActiveCfg = Debug|Win32
		{6207BA94-8185-4EEA-9AE9-955453E5BA0F}.Debug|x86.Build.0 = Debug|Win32
		{6207BA94-8185-4EEA-9AE9-955453E5BA0F}.Release|x64.ActiveCfg = Release|x64
		{6207BA94-8185-4EEA-9AE9-955453E5BA0F}.Release|x64.Build.0 = Release|x64
		{6207BA94-8185-4EEA-9AE9-955453E5BA0F}.Release|x86.ActiveCfg = Release|Win32
		{6207BA94-8185-4EEA-9AE9-955453E5BA0F}.Release|x86.Build.0 = Release|Win32
		{9EE6C828-D129-414F-93B4-BE732E43E6AB}.Debug|x64.ActiveCfg = Debug|x64
		{9EE6C828-D129-414F-93B4-BE732E43E6AB}.Debug|x64.Build.0 = Debug|x64
		{9EE6C828-D129-414F-93B4-BE732E43E6AB}.Debug|x86.ActiveCfg = Debug|Win32
		{9EE6C828-D129-414F-93B4-BE732E43E6AB}.Debug|x86.Build.0 = Debug|Win32
		{9EE6C828-D129-414F-93B4-BE732E43E6AB}.Release|x64.ActiveCfg = Release|x64
		{9EE6C828-D129-414F-93B4-BE732E43E6AB}.Release|x64.Build.0 = Release|x64
		{9EE6C828-D129-414F-93B4-BE732E43E6AB}.Release|x86.ActiveCfg = Release|Win32
		{9EE6C828-D129-414F-93B4-BE732E43E6AB}.Release|x86.Build.0 = Release|Win32
		{DDD75C03-947B-4A22-B379-8B76FDB354BB}.Debug|x64.ActiveCfg = Debug|x64
		{DDD75C03-947B-4A22-B379-8B76FDB354BB}.Debug|x64.Build.0 = Debug|x64
		{DDD75C03-947B-4A22-B379-8B76FDB354BB}.Debug|x86.ActiveCfg = Debug|Win32
		{DDD75C03-947B-4A22-B379-8B76FDB354BB}.Debug|x86.Build.0 = Debug|Win32
		{DDD75C03-947B-4A22-B379-8B76FDB354BB}.Release|x64.ActiveCfg = Release|x64
		{DDD75C03-947B-4A22-B379-8B76FDB354BB}.Release|x64.Build.0 = Release|x64
		{DDD75C03-947B-4A22-B379-8B76FDB354BB}.Release|x86.ActiveCfg = Release|Win32
		{DDD75C03-947B-4A22-B379-8B76FDB354BB}.Release|x86.Build.0 = Release|Win32
		{06316FF0-5D1B-46C4-8B0F-0979DCA04BEE}.Debug|x64.ActiveCfg = Debug|x64
		{06316FF0-5D1B-46C4-8B0F-0979DCA04BEE}.Debug|x64.Build.0 = Debug|x64
		{06316FF0-5D1B-46C4-8B0F-0979DCA04BEE}.Debug|x86.ActiveCfg = Debug|Win32
		{06316FF0-5D1B-46C4-8B0F-0979DCA04BEE}.Debug|x86.Build.0 = Debug|Win32
		{06316FF0-5D1B-46C4-8B0F-0979DCA04BEE}.Release|x64.ActiveCfg = Release|x64
		{06316FF0-5D1B-46C4-8B0F-0979DCA04BEE}.Release|x64.Build.0 = Release|x64
		{06316FF0-5D1B-46C4-8B0F-0979DCA04BEE}.Release|x86.ActiveCfg = Release|Win32
		{06316FF0-5D1B-46C4-8B0F-0979DCA04BEE}.Release|x86.Build.0 = Release|Win32
		{0D22BB64-AF37-4001-B443-135A0FC2EEB2}.Debug|x64.ActiveCfg = Debug|x64
		{0D22BB64-AF37-4001-B443-135A0FC2EEB2}.Debug|x64.Build.0 = Debug|x64
		{0D22BB64-AF37-4001-B443-135A0FC2EEB2}.Debug|x86.ActiveCfg = Debug|Win32
		{0D22BB64-AF37-4001-B443-135A0FC2EEB2}.Debug|x86.Build.0 = Debug|Win32
		{0D22BB64-AF37-4001-B443-135A0FC2EEB2}.Release|x64.ActiveCfg = Release|x64
		{0D22BB64-AF37-4001-B443-135A0FC2EEB2}.Release|x64.Build.0 = Release|x64
		{0D22BB64-AF37-4001-B443-135A0FC2EEB2}.Release|x86.ActiveCfg = Release|Win32
		{0D22BB64-AF37-4001-B443-135A0FC2EEB2}.Release|x86.Build.0 = Release|Win32
		{5143855B-54AE-4FBD-AB30-77DA2C89D2E0}.Debug|x64.ActiveCfg = Debug|x64
		{5143855B-54AE-4FBD-AB30-77DA2C89D2E0}.Debug|x64.Build.0 = Debug|x64
		{5143855B-54AE-4FBD-AB30-77DA2C89D2E0}.Debug|x86.ActiveCfg = Debug|Win32
		{5143855B-54AE-4FBD-AB30-77DA2C89D2E0}.Debug|x86.Build.0 = Debug|Win32
		{5143855B-54AE-4FBD-AB30-77DA2C89D2E0}.Release|x64.ActiveCfg = Release|x64
		{5143855B-54AE-4FBD-AB30-77DA2C89D2E0}.Release|x64.Build.0 = Release|x64
		{5143855B-54AE-4FBD-AB30-77DA2C89D2E0}.Release|x86.ActiveCfg = Release|Win32
		{5143855B-54AE-4FBD-AB30-77DA2C89D2E0}.Release|x86.Build.0 = Release|Win32
		{F3630821-33EE-4A3F-8512-B23E7DAC0C5A}.Debug|x64.ActiveCfg = Debug|x64
		{F3630821-33EE-4A3F-8512-B23E7DAC0C5A}.Debug|x64.Build.0 = Debug|x64
		{F3630821-33EE-4A3F-8512-B23E7DAC0C5A}.Debug|x86.ActiveCfg = Debug|Win32
		{F3630821-33EE-4A3F-8512-B23E7DAC0C5A}.Debug|x86.Build.0 = Debug|Win32
		{F3630821-33EE-4A3F-8512-B23E7DAC0C5A}.Release|x64.ActiveCfg = Release|x64
		{F3630821-33EE-4A3F-8512-B23E7DAC0C5A}.Release|x64.Build.0 = Release|x64
		{F3630821-33EE-4A3F-8512-B23E7DAC0C5A}.Release|x86.ActiveCfg = Release|Win32
		{F3630821-33EE-4A3F-8512-B23E7DAC0C5A}.Release|x86.Build.0 = Release|Win32
		{72378CCA-0159-4D39-8CFC-D60C2BB7CA33}.Debug|x64.ActiveCfg = Debug|x64
		{72378CCA-0159-4D39-8CFC-D60C2BB7CA33}.Debug|x64.Build.0 = Debug|x64
		{72378CCA-0159-4D39-8CFC-D60C2BB7CA33}.Debug|x86.ActiveCfg = Debug|Win32
		{72378CCA-0159-4D39-8CFC-D60C2BB7CA33}.Debug|x86.Build.0 = Debug|Win32
		{72378CCA-0159-4D39-8CFC-D60C2BB7CA33}.Release|x64.ActiveCfg = Release|x64
		{72378CCA-0159-4D39-8CFC-D60C2BB7CA33}.Release|x64.Build.0 = Release|x64
		{72378CCA-0159-4D39-8CFC-D60C2BB7CA33}.Release|x86.ActiveCfg = Release|Win32
		{72378CCA-0159-4D39-8CFC-D60C2BB7CA33}.Release|x86.Build.0 = Release|Win32
		{5291CF1F-869B-4583-B56A-3E861E17D3C1}.Debug|x64.ActiveCfg = Debug|x64
		{5291CF1F-869B-4583-B56A-3E861E17D3C1}.Debug|x64.Build.0 = Debug|x64
		{5291CF1F-869B-4583-B56A-3E861E17D3C1}.Debug|x86.ActiveCfg = Debug|Win32
		{5291CF1F-869B-4583-B56A-3E861E17D3C1}.Debug|x86.Build.0 = Debug|Win32
		{5291CF1F-869B-4583-B56A-3E861E17D3C1}.Release|x64.ActiveCfg = Release|x64
		{5291CF1F-869B-4583-B56A-3E861E17D3C1}.Release|x64.Build.0 = Release|x64
		{5291CF1F-869B-4583-B56A-3E861E17D3C1}.Release|x86.ActiveCfg = Release|Win32
		{5291CF1F-869B-4583-B56A-3E861E17D3C1}.Release|x86.Build.0 = Release|Win32
		{BC839F45-1699-469E-B0E2-204076320C5F}.Debug|x64.ActiveCfg = Debug|x64
		{BC839F45-1699-469E-B0E2-204076320C5F}.Debug|x64.Build.0 = Debug|x64
		{BC839F45-1699-469E-B0E2-204076320C5F}.Debug|x86.ActiveCfg = Debug|Win32
		{BC839F45-1699-469E-B0E2-204076320C5F}.Debug|x86.Build.0 = Debug|Win32
		{BC839F45-1699-469E-B0E2-204076320C5F}.Release|x64.ActiveCfg = Release|x64
		{BC839F45-1699-469E-B0E2-204076320C5F}.Release|x64.Build.0 = Release|x64
		{BC839F45-1699-469E-B0E2-204076320C5F}.Release|x86.ActiveCfg = Release|Win32
		{BC839F45-1699-469E-B0E2-204076320C5F}.Release|x86.Build.0 = Release|Win32
		{791ECB3F-9355-4A83-9066-1C2C15DDC480}.Debug|x64.ActiveCfg = Debug|x64
		{791ECB3F-9355-4A83-9066-1C2C15DDC480}.Debug|x64.Build.0 = Debug|x64
		{791ECB3F-9355-4A83-9066-1C2C15DDC480}.Debug|x86.ActiveCfg = Debug|Win32
		{791ECB3F-9355-4A83-9066-1C2C15DDC480}.Debug|x86.Build.0 = Debug|Win32
		{791ECB3F-9355-4A83-9066-1C2C15DDC480}.Release|x64.ActiveCfg = Release|x64
		{791ECB3F-9355-4A83-9066-1C2C15DDC480}.Release|x64.Build.0 = Release|x64
		{791ECB3F-9355-4A83-9066-1C2C15DDC480}.Release|x86.ActiveCfg = Release|Win32
		{791ECB3F-9355-4A83-9066-1C2C15DDC480}.Release|x86.Build.0 = Release|Win32
		{A3C48F95-E585-4561-8564-0E2102F21BFC}.Debug|x64.ActiveCfg = Debug|x64
		{A3C48F95-E585-4561-8564-0E2102F21BFC}.Debug|x64.Build.0 = Debug|x64
		{A3C48F95-E585-4561-8564-0E2102F21BFC}.Debug|x86.ActiveCfg = Debug|Win32
		{A3C48F95-E585-4561-8564-0E2102F21BFC}.Debug|x86.Build.0 = Debug|Win32
		{A3C48F95-E585-4561-8564-0E2102F21BFC}.Release|x64.ActiveCfg = Release|x64
		{A3C48F95-E585-4561-8564-0E2102F21BFC}.Release|x64.Build.0 = Release|x64
		{A3C48F95-E585-4561-8564-0E2102F21BFC}.Release|x86.ActiveCfg = Release|Win32
		{A3C48F95-E585-4561-8564-0E2102F21BFC}.Release|x86.Build.0 = Release|Win32
		{0A70E92A-031B-4A19-87E0-C8DBB1364723}.Debug|x64.ActiveCfg = Debug|x64
		{0A70E92A-031B-4A19-87E0-C8DBB1364723}.Debug|x64.Build.0 = Debug|x64
		{0A70E92A-031B-4A19-87E0-C8DBB1364723}.Debug|x86.ActiveCfg = Debug|Win32
		{0A70E92A-031B-4A19-87E0-C8DBB1364723}.Debug|x86.Build.0 = Debug|Win32
		{0A70E92A-031B-4A19-87E0-C8DBB1364723}.Release|x64.ActiveCfg = Release|x64
		{0A70E92A-031B-4A19-87E0-C8DBB1364723}.Release|x64.Build.0 = Release|x64
		{0A70E92A-031B-4A19-87E0-C8DBB1364723}.Release|x86.ActiveCfg = Release|Win32
		{0A70E92A-031B-4A19-87E0-C8DBB1364723}.Release|x86.Build.0 = Release|Win32
		{287E2B7C-9C8E-4A31-85CD-5E67A62F0C4E}.Debug|x64.ActiveCfg = Debug|x64
		{287E2B7C-9C8E-4A31-85CD-5E67A62F0C4E}.Debug|x64.Build.0 = Debug|x64
		{287E2B7C-9C8E-4A31-85CD-5E67A62F0C4E}.Debug|x86.ActiveCfg = Debug|Win32
		{287E2B7C-9C8E-4A31-85CD-5E67A62F0C4E}.Debug|x86.Build.0 = Debug|Win32
		{287E2B7C-9C8E-4A31-85CD-5E67A62F0C4E}.Release|x64.ActiveCfg = Release|x64
		{287E2B7C-9C8E-4A31-85CD-5E67A62F0C4E}.Release|x64.Build.0 = Release|x64
		{287E2B7C-9C8E-4A31-85CD-5E67A62F0C4E}.Release|x86.ActiveCfg = Release|Win32
		{287E2B7C-9C8E-4A31-85CD-5E67A62F0C4E}.Release|x86.Build.0 = Release|Win32
		{459E6716-E331-417F-8488-C6407D376941}.Debug|x64.ActiveCfg = Debug|x64
		{459E6716-E331-417F-8488-C6407D376941}.Debug|x64.Build.0 = Debug|x64
		{459E6716-E331-417F-8488-C6407D376941}.Debug|x86.ActiveCfg = Debug|Win32
		{459E6716-E331-417F-8488-C6407D376941}.Debug|x86.Build.0 = Debug|Win32
		{459E6716-E331-417F-8488-C6407D376941}.Release|x64.ActiveCfg = Release|x64
		{459E6716-E331-417F-8488-C6407D376941}.Release|x64.Build.0 = Release|x64
		{459E6716-E331-417F-8488-C6407D376941}.Release|x86.ActiveCfg = Release|Win32
		{459E6716-E331-417F-8488-C6407D376941}.Release|x86.Build.0 = Release|Win32
		{88167CA9-AFA5-470C-ADFB-C7160CB2D0BC}.Debug|x64.ActiveCfg = Debug|x64
		{88167CA9-AFA5-470C-ADFB-C7160CB2D0BC}.Debug|x64.Build.0 = Debug|x64
		{88167CA9-AFA5-470C-ADFB-C7160CB2D0BC}.Debug|x86.ActiveCfg = Debug|Win32
		{88167CA9-AFA5-470C-ADFB-C7160CB2D0BC}.Debug|x86.Build.0 = Debug|Win32
		{88167CA9-AFA5-470C-ADFB-C7160CB2D0BC}.Release|x64.ActiveCfg = Release|x64
		{88167CA9-AFA5-470C-ADFB-C7160CB2D0BC}.Release|x64.Build.0 = Release|x64
		{88167CA9-AFA5-470C-ADFB-C7160CB2D0BC}.Release|x86.ActiveCfg = Release|Win32
		{88167CA9-AFA5-470C-ADFB-C7160CB2D0BC}.Release|x86.Build.0 = Release|Win32
		{AEDB31FB-7909-4022-924E-F28C74DAE9EE}.Debug|x64.ActiveCfg = Debug|x64
		{AEDB31FB-7909-4022-924E-F28C74DAE9EE}.Debug|x64.Build.0 = Debug|x64
		{AEDB31FB-7909-4022-924E-F28C74DAE9EE}.Debug|x86.ActiveCfg = Debug|Win32
		{AEDB31FB-7909-4022-924E-F28C74DAE9EE}.Debug|x86.Build.0 = Debug|Win32
		{AEDB31FB-7909-4022-924E-F28C74DAE9EE}.Release|x64.ActiveCfg = Release|x64
		{AEDB31FB-7909-4022-924E-F28C74DAE9EE}.Release|x64.Build.0 = Release|x64
		{AEDB31FB-7909-4022-924E-F28C74DAE9EE}.Release|x86.ActiveCfg = Release|Win32
		{AEDB31FB-7909-4022-924E-F28C74DAE9EE}.Release|x86.Build.0 = Release|Win32
		{8FFBEC16-2DD7-4AF4-8409-8027E9C0B37F}.Debug|x64.ActiveCfg = Debug|x64
		{8FFBEC16-2DD7-4AF4-8409-8027E9C0B37F}.Debug|x64.Build.0 = Debug|x64
		{8FFBEC16-2DD7-4AF4-8409-8027E9C0B37F}.Debug|x86.ActiveCfg = Debug|Win32
		{8FFBEC16-2DD7-4AF4-8409-8027E9C0B37F}.Debug|x86.Build.0 = Debug|Win32
		{8FFBEC16-2DD7-4AF4-8409-8027E9C0B37F}.Release|x64.ActiveCfg = Release|x64
		{8FFBEC16-2DD7-4AF4-8409-8027E9C0B37F}.Release|x64.Build.0 = Release|x64
		{8FFBEC16-2DD7-4AF4-8409-8027E9C0B37F}.Release|x86.ActiveCfg = Release|Win32
		{8FFBEC16-2DD7-4AF4-8409-8027E9C0B37F}.Release|x86.Build.0 = Release|Win32
		{B7CD6273-5865-4DE3-80D5-9AEDB2B71EAB}.Debug|x64.ActiveCfg = Debug|x64
		{B7CD6273-5865-4DE3-80D5-9AEDB2B71EAB}.Debug|x64.Build.0 = Debug|x64
		{B7CD6273-5865-4DE3-80D5-9AEDB2B71EAB}.Debug|x86.ActiveCfg = Debug|Win32
		{B7CD6273-5865-4DE3-80D5-9AEDB2B71EAB}.Debug|x86.Build.0 = Debug|Win32
		{B7CD6273-5865-4DE3-80D5-9AEDB2B71EAB}.Release|x64.ActiveCfg = Release|x64
		{B7CD6273-5865-4DE3-80D5-9AEDB2B71EAB}.Release|x64.Build.0 = Release|x64
		{B7CD6273-5865-4DE3-80D5-9AEDB2B71EAB}.Release|x86.ActiveCfg = Release|Win32
		{B7CD6273-5865-4DE3-80D5-9AEDB2B71EAB}.Release|x86.Build.0 = Release|Win32
		{82E0F1F4-CF03-4952-AB0B-0D3740A1E78D}.Debug|x64.ActiveCfg = Debug|x64
		{82E0F1F4-CF03-4952-AB0B-0D3740A1E78D}.Debug|x64.Build.0 = Debug|x64
		{82E0F1F4-CF03-4952-AB0B-0D3740A1E78D}.Debug|x86.ActiveCfg = Debug|Win32
		{82E0F1F4-CF03-4952-AB0B-0D3740A1E78D}.Debug|x86.Build.0 = Debug|Win32
		{82E0F1F4-CF03-4952-AB0B-0D3740A1E78D}.Release|x64.ActiveCfg = Release|x64
		{82E0F1F4-CF03-4952-AB0B-0D3740A1E78D}.Release|x64.Build.0 = Release|x64
		{82E0F1F4-CF03-4952-AB0B-0D3740A1E78D}.Release|x86.ActiveCfg = Release|Win32
		{82E0F1F4-CF03-4952-AB0B-0D3740A1E78D}.Release|x86.Build.0 = Release|Win32
		{987E45F9-486C-4528-BE1A-A3A6A0A3CE37}.Debug|x64.ActiveCfg = Debug|x64
		{987E45F9-486C-4528-BE1A-A3A6A0A3CE37}.Debug|x64.Build.0 = Debug|x64
		{987E45F9-486C-4528-BE1A-A3A6A0A3CE37}.Debug|x86.ActiveCfg = Debug|Win32
		{987E45F9-486C-4528-BE1A-A3A6A0A3CE37}.Debug|x86.Build.0 = Debug|Win32
		{987E45F9-486C-4528-BE1A-A3A6A0A3CE37}.Release|x64.ActiveCfg = Release|x64
		{987E45F9-486C-4528-BE1A-A3A6A0A3CE37}.Release|x64.Build.0 = Release|x64
		{987E45F9-486C-4528-BE1A-A3A6A0A3CE37}.Release|x86.ActiveCfg = Release|Win32
		{987E45F9-486C-4528-BE1A-A3A6A0A3CE37}.Release|x86.Build.0 = Release|Win32
		{D0B8F6A7-4557-4515-8705-AA5EEF8882E0}.Debug|x64.ActiveCfg = Debug|x64
		{D0B8F6A7-4557-4515-8705-AA5EEF8882E0}.Debug|x64.Build.0 = Debug|x64
		{D0B8F6A7-4557-4515-8705-AA5EEF8882E0}.Debug|x86.ActiveCfg = Debug|Win32
		{D0B8F6A7-4557-4515-8705-AA5EEF8882E0}.Debug|x86.Build.0 = Debug|Win32
		{D0B8F6A7-4557-4515-8705-AA5EEF8882E0}.Release|x64.ActiveCfg = Release|x64
		{D0B8F6A7-4557-4515-8705-AA5EEF8882E0}.Release|x64.Build.0 = Release|x64
		{D0B8F6A7-4557-4515-8705-AA5EEF8882E0}.Release|x86.ActiveCfg = Release|Win32
		{D0B8F6A7-4557-4515-8705-AA5EEF8882E0}.Release|x86.Build.0 = Release|Win32
		{8F45ECAE-39F5-4311-94B5-6BEA869E211A}.Debug|x64.ActiveCfg = Debug|x64
		{8F45ECAE-39F5-4311-94B5-6BEA869E211A}.Debug|x64.Build.0 = Debug|x64
		{8F45ECAE-39F5-4311-94B5-6BEA869E211A}.Debug|x86.ActiveCfg = Debug|Win32
		{8F45ECAE-39F5-4311-94B5-6BEA869E211A}.Debug|x86.Build.0 = Debug|Win32
		{8F45ECAE-39F5-4311-94B5-6BEA869E211A}.Release|x64.ActiveCfg = Release|x64
		{8F45ECAE-39F5-4311-94B5-6BEA869E211A}.Release|x64.Build.0 = Release|x64
		{8F45ECAE-39F5-4311-94B5-6BEA869E211A}.Release|x86.ActiveCfg = Release|Win32
		{8F45ECAE-39F5-4311-94B5-6BEA869E211A}.Release|x86.Build.0 = Release|Win32
		{611F093B-6E58-42B8-8ACA-2BA329AD419A}.Debug|x64.ActiveCfg = Debug|x64
		{611F093B-6E58-42B8-8ACA-2BA329AD419A}.Debug|x64.Build.0 = Debug|x64
		{611F093B-6E58-42B8-8ACA-2BA329AD419A}.Debug|x86.ActiveCfg = Debug|Win32
		{611F093B-6E58-42B8-8ACA-2BA329AD419A}.Debug|x86.Build.0 = Debug|Win32
		{611F093B-6E58-42B8-8ACA-2BA329AD419A}.Release|x64.ActiveCfg = Release|x64
		{611F093B-6E58-42B8-8ACA-2BA329AD419A}.Release|x64.Build.0 = Release|x64
		{611F093B-6E58-42B8-8ACA-2BA329AD419A}.Release|x86.ActiveCfg = Release|Win32
		{611F093B-6E58-42B8-8ACA-2BA329AD419A}.Release|x86.Build.0 = Release|Win32
		{FC2D2002-6EF8-420C-A0BA-D1A24EBBB328}.Debug|x64.ActiveCfg = Debug|x64
		{FC2D2002-6EF8-420C-A0BA-D1A24EBBB328}.Debug|x64.Build.0 = Debug|x64
		{FC2D2002-6EF8-420C-A0BA-D1A24EBBB328}.Debug|x86.ActiveCfg = Debug|Win32
		{FC2D2002-6EF8-420C-A0BA-D1A24EBBB328}.Debug|x86.Build.0 = Debug|Win32
		{FC2D2002-6EF8-420C-A0BA-D1A24EBBB328}.Release|x64.ActiveCfg = Release|x64
		{FC2D2002-6EF8-420C-A0BA-D1A24EBBB328}.Release|x64.Build.0 = Release|x64
		{FC2D2002-6EF8-420C-A0BA-D1A24EBBB328}.Release|x86.ActiveCfg = Release|Win32
		{FC2D2002-6EF8-420C-A0BA-D1A24EBBB328}.Release|x86.Build.0 = Release|Win32
		{BD2486D7-53AB-4B26-9137-A0A9C0DAF028}.Debug|x64.ActiveCfg = Debug|x64
		{BD2486D7-53AB-4B26-9137-A0A9C0DAF028}.Debug|x64.Build.0 = Debug|x64
		{BD2486D7-53AB-4B26-9137-A0A9C0DAF028}.Debug|x86.ActiveCfg = Debug|Win32
		{BD2486D7-53AB-4B26-9137-A0A9C0DAF028}.Debug|x86.Build.0 = Debug|Win32
		{BD2486D7-53AB-4B26-9137-A0A9C0DAF028}.Release|x64.ActiveCfg = Release|x64
		{BD2486D7-53AB-4B26-9137-A0A9C0DAF028}.Release|x64.Build.0 = Release|x64
		{BD2486D7-53AB-4B26-9137-A0A9C0DAF028}.Release|x86.ActiveCfg = Release|Win32
		{BD2486D7-53AB-4B26-9137-A0A9C0DAF028}.Release|x86.Build.0 = Release|Win32
		{766445D3-63AA-405A-BF46-26C14324C0F4}.Debug|x64.ActiveCfg = Debug|x64
		{766445D3-63AA-405A-BF46-26C14324C0F4}.Debug|x64.Build.0 = Debug|x64
		{766445D3-63AA-405A-BF46-26C14324C0F4}.Debug|x86.ActiveCfg = Debug|Win32
		{766445D3-63AA-405A-BF46-26C14324C0F4}.Debug|x86.Build.0 = Debug|Win32
		{766445D3-63AA-405A-BF46-26C14324C0F4}.Release|x64.ActiveCfg = Release|x64
		{766445D3-63AA-405A-BF46-26C14324C0F4}.Release|x64.Build.0 = Release|x64
		{766445D3-63AA-405A-BF46-26C14324C0F4}.Release|x86.ActiveCfg = Release|Win32
		{766445D3-63AA-405A-BF46-26C14324C0F4}.Release|x86.Build.0 = Release|Win32
		{D3ED13DD-96C3-4716-8CFE-9FA35B987FBC}.Debug|x64.ActiveCfg = Debug|x64
		{D3ED13DD-96C3-4716-8CFE-9FA35B987FBC}.Debug|x64.Build.0 = Debug|x64
		{D3ED13DD-96C3-4716-8CFE-9FA35B987FBC}.Debug|x86.ActiveCfg = Debug|Win32
		{D3ED13DD-96C3-4716-8CFE-9FA35B987FBC}.Debug|x86.Build.0 = Debug|Win32
		{D3ED13DD-96C3-4716-8CFE-9FA35B987FBC}.Release|x64.ActiveCfg = Release|x64
		{D3ED13DD-96C3-4716-8CFE-9FA35B987FBC}.Release|x64.Build.0 = Release|x64
		{D3ED13DD-96C3-4716-8CFE-9FA35B987FBC}.Release|x86.ActiveCfg = Release|Win32
		{D3ED13DD-96C3-4716-8CFE-9FA35B987FBC}.Release|x86.Build.0 = Release|Win32
		{2DA0925F-3FF9-4828-87FE-813C1AE54D80}.Debug|x64.ActiveCfg = Debug|x64
		{2DA0925F-3FF9-4828-87FE-813C1AE54D80}.Debug|x64.Build.0 = Debug|x64
		{2DA0925F-3FF9-4828-87FE-813C1AE54D80}.Debug|x86.ActiveCfg = Debug|Win32
		{2DA0925F-3FF9-4828-87FE-813C1AE54D80}.Debug|x86.Build.0 = Debug|Win32
		{2DA0925F-3FF9-4828-87FE-813C1AE54D80}.Release|x64.ActiveCfg = Release|x64
		{2DA0925F-3FF9-4828-87FE-813C1AE54D80}.Release|x64.Build.0 = Release|x64
		{2DA0925F-3FF9-4828-87FE-813C1AE54D80}.Release|x86.ActiveCfg = Release|Win32
		{2DA0925F-3FF9-4828-87FE-813C1AE54D80}.Release|x86.Build.0 = Release|Win32
		{CD5FF886-4C51-4584-BBFA-A077F3646F16}.Debug|x64.ActiveCfg = Debug|x64
		{CD5FF886-4C51-4584-BBFA-A077F3646F16}.Debug|x64.Build.0 = Debug|x64
		{CD5FF886-4C51-4584-BBFA-A077F3646F16}.Debug|x86.ActiveCfg = Debug|Win32
		{CD5FF886-4C51-4584-BBFA-A077F3646F16}.Debug|x86.Build.0 = Debug|Win32
		{CD5FF886-4C51-4584-BBFA-A077F3646F16}.Release|x64.ActiveCfg = Release|x64
		{CD5FF886-4C51-4584-BBFA-A077F3646F16}.Release|x64.Build.0 = Release|x64
		{CD5FF886-4C51-4584-BBFA-A077F3646F16}.Release|x86.ActiveCfg = Release|Win32
		{CD5FF886-4C51-4584-BBFA-A077F3646F16}.Release|x86.Build.0 = Release|Win32
		{D5FE1B7F-29BF-4103-A0E8-72AFE70823F7}.Debug|x64.ActiveCfg = Debug|x64
		{D5FE1B7F-29BF-4103-A0E8-72AFE70823F7}.Debug|x64.Build.0 = Debug|x64
		{D5FE1B7F-29BF-4103-A0E8-72AFE70823F7}.Debug|x86.ActiveCfg = Debug|Win32
		{D5FE1B7F-29BF-4103-A0E8-72AFE70823F7}.Debug|x86.Build.0 = Debug|Win32
		{D5FE1B7F-29BF-4103-A0E8-72AFE70823F7}.Release|x64.ActiveCfg = Release|x64
		{D5FE1B7F-29BF-4103-A0E8-72AFE70823F7}.Release|x64.Build.0 = Release|x64
		{D5FE1B7F-29BF-4103-A0E8-72AFE70823F7}.Release|x86.ActiveCfg = Release|Win32
		{D5FE1B7F-29BF-4103-A0E8-72AFE70823F7}.Release|x86.Build.0 = Release|Win32
		{6E681613-7901-4C8E-89B9-644E62CF303D}.Debug|x64.ActiveCfg = Debug|x64
		{6E681613-7901-4C8E-89B9-644E62CF303D}.Debug|x64.Build.0 = Debug|x64
		{6E681613-7901-4C8E-89B9-644E62CF303D}.Debug|x86.ActiveCfg = Debug|Win32
		{6E681613-7901-4C8E-89B9-644E62CF303D}.Debug|x86.Build.0 = Debug|Win32
		{6E681613-7901-4C8E-89B9-644E62CF303D}.Release|x64.ActiveCfg = Release|x64
		{6E681613-7901-4C8E-89B9-644E62CF303D}.Release|x64.Build.0 = Release|x64
		{6E681613-7901-4C8E-89B9-644E62CF303D}.Release|x86.ActiveCfg = Release|Win32
		{6E681613-7901-4C8E-89B9-644E62CF303D}.Release|x86.Build.0 = Release|Win32
		{03C87FAB-0F36-4B1E-BDEA-46A6066B9418}.Debug|x64.ActiveCfg = Debug|x64
		{03C87FAB-0F36-4B1E-BDEA-46A6066B9418}.Debug|x64.Build.0 = Debug|x64
		{03C87FAB-0F36-4B1E-BDEA-46A6066B9418}.Debug|x86.ActiveCfg = Debug|Win32
		{03C87FAB-0F36-4B1E-BDEA-46A6066B9418}.Debug|x86.Build.0 = Debug|Win32
		{03C87FAB-0F36-4B1E-BDEA-46A6066B9418}.Release|x64.ActiveCfg = Release|x64
		{03C87FAB-0F36-4B1E-BDEA-46A6066B9418}.Release|x64.Build.0 = Release|x64
		{03C87FAB-0F36-4B1E-BDEA-46A6066B9418}.Release|x86.ActiveCfg = Release|Win32
		{03C87FAB-0F36-4B1E-BDEA-46A6066B9418}.Release|x86.Build.0 = Release|Win32
		{E1ECBB7B-FF3B-45FB-9632-768D4B30D71B}.Debug|x64.ActiveCfg = Debug|x64
		{E1ECBB7B-FF3B-45FB-9632-768D4B30D71B}.Debug|x64.Build.0 = Debug|x64
		{E1ECBB7B-FF3B-45FB-9632-768D4B30D71B}.Debug|x86.ActiveCfg = Debug|Win32
		{E1ECBB7B-FF3B-45FB-9632-768D4B30D71B}.Debug|x86.Build.0 = Debug|Win32
		{E1ECBB7B-FF3B-45FB-9632-768D4B30D71B}.Release|x64.ActiveCfg = Release|x64
		{E1ECBB7B-FF3B-45FB-9632-768D4B30D71B}.Release|x64.Build.0 = Release|x64
		{E1ECBB7B-FF3B-45FB-9632-768D4B30D71B}.Release|x86.ActiveCfg = Release|Win32
		{E1ECBB7B-FF3B-45FB-9632-768D4B30D71B}.Release|x86.Build.0 = Release|Win32
		{FFB3E719-673B-4619-B476-27BE3C2B0957}.Debug|x64.ActiveCfg = Debug|x64
		{FFB3E719-673B-4619-B476-27BE3C2B0957}.Debug|x64.Build.0 = Debug|x64
		{FFB3E719-673B-4619-B476-27BE3C2B0957}.Debug|x86.ActiveCfg = Debug|Win32
		{FFB3E719-673B-4619-B476-27BE3C2B0957}.Debug|x86.Build.0 = Debug|Win32
		{FFB3E719-673B-4619-B476-27BE3C2B0957}.Release|x64.ActiveCfg = Release|x64
		{FFB3E719-673B-4619-B476-27BE3C2B0957}.Release|x64.Build.0 = Release|x64
		{FFB3E719-673B-4619-B476-27BE3C2B0957}.Release|x86.ActiveCfg = Release|Win32
		{FFB3E719-673B-4619-B476-27BE3C2B0957}.Release|x86.Build.0 = Release|Win32
		{E3C0C607-C135-4984-BAC9-FEEC678F7675}.Debug|x64.ActiveCfg = Debug|x64
		{E3C0C607-C135-4984-BAC9-FEEC678F7675}.Debug|x64.Build.0 = Debug|x64
		{E3C0C607-C135-4984-BAC9-FEEC678F7675}.Debug|x86.ActiveCfg = Debug|Win32
		{E3C0C607-C135-4984-BAC9-FEEC678F7675}.Debug|x86.Build.0 = Debug|Win32
		{E3C0C607-C135-4984-BAC9-FEEC678F7675}.Release|x64.ActiveCfg = Release|x64
		{E3C0C607-C135-4984-BAC9-FEEC678F7675}.Release|x64.Build.0 = Release|x64
		{E3C0C607-C135-4984-BAC9-FEEC678F7675}.Release|x86.ActiveCfg = Release|Win32
		{E3C0C607-C135-4984-BAC9-FEEC678F7675}.Release|x86.Build.0 = Release|Win32
		{4FF8CE64-FABE-4F17-B454-42896ED53A54}.Debug|x64.ActiveCfg = Debug|x64
		{4FF8CE64-FABE-4F17-B454-42896ED53A54}.Debug|x64.Build.0 = Debug|x64
		{4FF8CE64-FABE-4F17-B454-42896ED53A54}.Debug|x86.ActiveCfg = Debug|Win32
		{4FF8CE64-FABE-4F17-B454-42896ED53A54}.Debug|x86.Build.0 = Debug|Win32
		{4FF8CE64-FABE-4F17-B454-42896ED53A54}.Release|x64.ActiveCfg = Release|x64
		{4FF8CE64-FABE-4F17-B454-42896ED53A54}.Release|x64.Build.0 = Release|x64
		{4FF8CE64-FABE-4F17-B454-42896ED53A54}.Release|x86.ActiveCfg = Release|Win32
		{4FF8CE64-FABE-4F17-B454-42896ED53A54}.Release|x86.Build.0 = Release|Win32
		{79D200C0-26CB-4E33-89FB-F09F87B4D585}.Debug|x64.ActiveCfg = Debug|x64
		{79D200C0-26CB-4E33-89FB-F09F87B4D585}.Debug|x64.Build.0 = Debug|x64
		{79D200C0-26CB-4E33-89FB-F09F87B4D585}.Debug|x86.ActiveCfg = Debug|Win32
		{79D200C0-26CB-4E33-89FB-F09F87B4D585}.Debug|x86.Build.0 = Debug|Win32
		{79D200C0-26CB-4E33-89FB-F09F87B4D585}.Release|x64.ActiveCfg = Release|x64
		{79D200C0-26CB-4E33-89FB-F09F87B4D585}.Release|x64.Build.0 = Release|x64
		{79D200C0-26CB-4E33-89FB-F09F87B4D585}.Release|x86.ActiveCfg = Release|Win32
		{79D200C0-26CB-4E33-89FB-F09F87B4D585}.Release|x86.Build.0 = Release|Win32
		{211EE8C6-6478-4B1C-9525-53B28BAD1B9C}.Debug|x64.ActiveCfg = Debug|x64
		{211EE8C6-6478-4B1C-9525-53B28BAD1B9C}.Debug|x64.Build.0 = Debug|x64
		{211EE8C6-6478-4B1C-9525-53B28BAD1B9C}.Debug|x86.ActiveCfg = Debug|Win32
		{211EE8C6-6478-4B1C-9525-53B28BAD1B9C}.Debug|x86.Build.0 = Debug|Win32
		{211EE8C6-6478-4B1C-9525-53B28BAD1B9C}.Release|x64.ActiveCfg = Release|x64
		{211EE8C6-6478-4B1C-9525-53B28BAD1B9C}.Release|x64.Build.0 = Release|x64
		{211EE8C6-6478-4B1C-9525-53B28BAD1B9C}.Release|x86.ActiveCfg = Release|Win32
		{211EE8C6-6478-4B1C-9525-53B28BAD1B9C}.Release|x86.Build.0 = Release|Win32
		{D643356D-4710-404C-B3EF-0E8981AA692F}.Debug|x64.ActiveCfg = Debug|x64
		{D643356D-4710-404C-B3EF-0E8981AA692F}.Debug|x64.Build.0 = Debug|x64
		{D643356D-4710-404C-B3EF-0E8981AA692F}.Debug|x86.ActiveCfg = Debug|Win32
		{D643356D-4710-404C-B3EF-0E8981AA692F}.Debug|x86.Build.0 = Debug|Win32
		{D643356D-4710-404C-B3EF-0E8981AA692F}.Release|x64.ActiveCfg = Release|x64
		{D643356D-4710-404C-B3EF-0E8981AA692F}.Release|x64.Build.0 = Release|x64
		{D643356D-4710-404C-B3EF-0E8981AA692F}.Release|x86.ActiveCfg = Release|Win32
		{D643356D-4710-404C-B3EF-0E8981AA692F}.Release|x86.Build.0 = Release|Win32
		{9EBD8FE3-296F-4372-8231-896C53257073}.Debug|x64.ActiveCfg = Debug|x64
		{9EBD8FE3-296F-4372-8231-896C53257073}.Debug|x64.Build.0 = Debug|x64
		{9EBD8FE3-296F-4372-8231-896C53257073}.Debug|x86.ActiveCfg = Debug|Win32
		{9EBD8FE3-296F-4372-8231-896C53257073}.Debug|x86.Build.0 = Debug|Win32
		{9EBD8FE3-296F-4372-8231-896C53257073}.Release|x64.ActiveCfg = Release|x64
		{9EBD8FE3-296F-4372-8231-896C53257073}.Release|x64.Build.0 = Release|x64
		{9EBD8FE3-296F-4372-8231-896C53257073}.Release|x86.ActiveCfg = Release|Win32
		{9EBD8FE3-296F-4372-8231-896C53257073}.Release|x86.Build.0 = Release|Win32
		{8CBAE736-D1BF-4A33-B633-7B826EFB4A8A}.Debug|x64.ActiveCfg = Debug|x64
		{8CBAE736-D1BF-4A33-B633-7B826EFB4A8A}.Debug|x64.Build.0 = Debug|x64
		{8CBAE736-D1BF-4A33-B633-7B826EFB4A8A}.Debug|x86.ActiveCfg = Debug|Win32
		{8CBAE736-D1BF-4A33-B633-7B826EFB4A8A}.Debug|x86.Build.0 = Debug|Win32
		{8CBAE736-D1BF-4A33-B633-7B826EFB4A8A}.Release|x64.ActiveCfg = Release|x64
		{8CBAE736-D1BF-4A33-B633-7B826EFB4A8A}.Release|x64.Build.0 = Release|x64
		{8CBAE736-D1BF-4A33-B633-7B826EFB4A8A}.Release|x86.ActiveCfg = Release|Win32
		{8CBAE736-D1BF-4A33-B633-7B826EFB4A8A}.Release|x86.Build.0 = Release|Win32
		{3DA6971F-6119-47F1-B9D8-FBD6B19325C0}.Debug|x64.ActiveCfg = Debug|x64
		{3DA6971F-6119-47F1-B9D8-FBD6B19325C0}.Debug|x64.Build.0 = Debug|x64
		{3DA6971F-6119-47F1-B9D8-FBD6B19325C0}.Debug|x86.ActiveCfg = Debug|Win32
		{3DA6971F-6119-47F1-B9D8-FBD6B19325C0}.Debug|x86.Build.0 = Debug|Win32
		{3DA6971F-6119-47F1-B9D8-FBD6B19325C0}.Release|x64.ActiveCfg = Release|x64
		{3DA6971F-6119-47F1-B9D8-FBD6B19325C0}.Release|x64.Build.0 = Release|x64
		{3DA6971F-6119-47F1-B9D8-FBD6B19325C0}.Release|x86.ActiveCfg = Release|Win32
		{3DA6971F-6119-47F1-B9D8-FBD6B19325C0}.Release|x86.Build.0 = Release|Win32
		{CD41B453-6D69-4079-AD34-CFB86FAE7A16}.Debug|x64.ActiveCfg = Debug|x64
		{CD41B453-6D69-4079-AD34-CFB86FAE7A16}.Debug|x64.Build.0 = Debug|x64
		{CD41B453-6D69-4079-AD34-CFB86FAE7A16}.Debug|x86.ActiveCfg = Debug|Win32
		{CD41B453-6D69-4079-AD34-CFB86FAE7A16}.Debug|x86.Build.0 = Debug|Win32
		{CD41B453-6D69-4079-AD34-CFB86FAE7A16}.Release|x64.ActiveCfg = Release|x64
		{CD41B453-6D69-4079-AD34-CFB86FAE7A16}.Release|x64.Build.0 = Release|x64
		{CD41B453-6D69-4079-AD34-CFB86FAE7A16}.Release|x86.ActiveCfg = Release|Win32
		{CD41B453-6D69-4079-AD34-CFB86FAE7A16}.Release|x86.Build.0 = Release|Win32
		{9E4E1898-F855-4EA1-81C2-37BDFF63DF80}.Debug|x64.ActiveCfg = Debug|x64
		{9E4E1898-F855-4EA1-81C2-37BDFF63DF80}.Debug|x64.Build.0 = Debug|x64
		{9E4E1898-F855-4EA1-81C2-37BDFF63DF80}.Debug|x86.ActiveCfg = Debug|Win32
		{9E4E1898-F855-4EA1-81C2-37BDFF63DF80}.Debug|x86.Build.0 = Debug|Win32
		{9E4E1898-F855-4EA1-81C2-37BDFF63DF80}.Release|x64.ActiveCfg = Release|x64
		{9E4E1898-F855-4EA1-81C2-37BDFF63DF80}.Release|x64.Build.0 = Release|x64
		{9E4E1898-F855-4EA1-81C2-37BDFF63DF80}.Release|x86.ActiveCfg = Release|Win32
		{9E4E1898-F855-4EA1-81C2-37BDFF63DF80}.Release|x86.Build.0 = Release|Win32
		{0ADEB095-5D48-43FD-AFC7-DFE5BC52D369}.Debug|x64.ActiveCfg = Debug|x64
		{0ADEB095-5D48-43FD-AFC7-DFE5BC52D369}.Debug|x64.Build.0 = Debug|x64
		{0ADEB095-5D48-43FD-AFC7-DFE5BC52D369}.Debug|x86.ActiveCfg = Debug|Win32
		{0ADEB095-5D48-43FD-AFC7-DFE5BC52D369}.Debug|x86.Build.0 = Debug|Win32
		{0ADEB095-5D48-43FD-AFC7-DFE5BC52D369}.Release|x64.ActiveCfg = Release|x64
		{0ADEB095-5D48-43FD-AFC7-DFE5BC52D369}.Release|x64.Build.0 = Release|x64
		{0ADEB095-5D48-43FD-AFC7-DFE5BC52D369}.Release|x86.ActiveCfg = Release|Win32
		{0ADEB095-5D48-43FD-AFC7-DFE5BC52D369}.Release|x86.Build.0 = Release|Win32
		{D5AF5CB8-BCD0-435F-BB4A-ECBF8F9C3629}.Debug|x64.ActiveCfg = Debug|x64
		{D5AF5CB8-BCD0-435F-BB4A-ECBF8F9C3629}.Debug|x64.Build.0 = Debug|x64
		{D5AF5CB8-BCD0-435F-BB4A-ECBF8F9C3629}.Debug|x86.ActiveCfg = Debug|Win32
		{D5AF5CB8-BCD0-435F-BB4A-ECBF8F9C3629}.Debug|x86.Build.0 = Debug|Win32
		{D5AF5CB8-BCD0-435F-BB4A-ECBF8F9C3629}.Release|x64.ActiveCfg = Release|x64
		{D5AF5CB8-BCD0-435F-BB4A-ECBF8F9C3629}.Release|x64.Build.0 = Release|x64
		{D5AF5CB8-BCD0-435F-BB4A-ECBF8F9C3629}.Release|x86.ActiveCfg = Release|Win32
		{D5AF5CB8-BCD0-435F-BB4A-ECBF8F9C3629}.Release|x86.Build.0 = Release|Win32
		{9D8C6503-395E-43E7-8532-91502B8C4478}.Debug|x64.ActiveCfg = Debug|x64
		{9D8C6503-395E-43E7-8532-91502B8C4478}.Debug|x64.Build.0 = Debug|x64
		{9D8C6503-395E-43E7-8532-91502B8C4478}.Debug|x86.ActiveCfg = Debug|Win32
		{9D8C6503-395E-43E7-8532-91502B8C4478}.Debug|x86.Build.0 = Debug|Win32
		{9D8C6503-395E-43E7-8532-91502B8C4478}.Release|x64.ActiveCfg = Release|x64
		{9D8C6503-395E-43E7-8532-91502B8C4478}.Release|x64.Build.0 = Release|x64
		{9D8C6503-395E-43E7-8532-91502B8C4478}.Release|x86.ActiveCfg = Release|Win32
		{9D8C6503-395E-43E7-8532-91502B8C4478}.Release|x86.Build.0 = Release|Win32
		{4CDCCE98-11E9-4F3C-8BA2-8353141EBA99}.Debug|x64.ActiveCfg = Debug|x64
		{4CDCCE98-11E9-4F3C-8BA2-8353141EBA99}.Debug|x64.Build.0 = Debug|x64
		{4CDCCE98-11E9-4F3C-8BA2-8353141EBA99}.Debug|x86.ActiveCfg = Debug|Win32
		{4CDCCE98-11E9-4F3C-8BA2-8353141EBA99}.Debug|x86.Build.0 = Debug|Win32
		{4CDCCE98-11E9-4F3C-8BA2-8353141EBA99}.Release|x64.ActiveCfg = Release|x64
		{4CDCCE98-11E9-4F3C-8BA2-8353141EBA99}.Release|x64.Build.0 = Release|x64
		{4CDCCE98-11E9-4F3C-8BA2-8353141EBA99}.Release|x86.ActiveCfg = Release|Win32
		{4CDCCE98-11E9-4F3C-8BA2-8353141EBA99}.Release|x86.Build.0 = Release|Win32
		{CBBAFD8E-DBEE-4A95-843C-C5266BCDFABE}.Debug|x64.ActiveCfg = Debug|x64
		{CBBAFD8E-DBEE-4A95-843C-C5266BCDFABE}.Debug|x64.Build.0 = Debug|x64
		{CBBAFD8E-DBEE-4A95-843C-C5266BCDFABE}.Debug|x86.ActiveCfg = Debug|Win32
		{CBBAFD8E-DBEE-4A95-843C-C5266BCDFABE}.Debug|x86.Build.0 = Debug|Win32
		{CBBAFD8E-DBEE-4A95-843C-C5266BCDFABE}.Release|x64.ActiveCfg = Release|x64
		{CBBAFD8E-DBEE-4A95-843C-C5266BCDFABE}.Release|x64.Build.0 = Release|x64
		{CBBAFD8E-DBEE-4A95-843C-C5266BCDFABE}.Release|x86.ActiveCfg = Release|Win32
		{CBBAFD8E-DBEE-4A95-843C-C5266BCDFABE}.Release|x86.Build.0 = Release|Win32
		{F500A16D-F2E5-4DED-A0FE-0AF949FD4302}.Debug|x64.ActiveCfg = Debug|x64
		{F500A16D-F2E5-4DED-A0FE-0AF949FD4302}.Debug|x64.Build.0 = Debug|x64
		{F500A16D-F2E5-4DED-A0FE-0AF949FD4302}.Debug|x86.ActiveCfg = Debug|Win32
		{F500A16D-F2E5-4DED-A0FE-0AF949FD4302}.Debug|x86.Build.0 = Debug|Win32
		{F500A16D-F2E5-4DED-A0FE-0AF949FD4302}.Release|x64.ActiveCfg = Release|x64
		{F500A16D-F2E5-4DED-A0FE-0AF949FD4302}.Release|x64.Build.0 = Release|x64
		{F500A16D-F2E5-4DED-A0FE-0AF949FD4302}.Release|x86.ActiveCfg = Release|Win32
		{F500A16D-F2E5-4DED-A0FE-0AF949FD4302}.Release|x86.Build.0 = Release|Win32
		{5A7F146D-C1A0-4153-9841-9C5508247043}.Debug|x64.ActiveCfg = Debug|x64
		{5A7F146D-C1A0-4153-9841-9C5508247043}.Debug|x64.Build.0 = Debug|x64
		{5A7F146D-C1A0-4153-9841-9C5508247043}.Debug|x86.ActiveCfg = Debug|Win32
		{5A7F146D-C1A0-4153-9841-9C5508247043}.Debug|x86.Build.0 = Debug|Win32
		{5A7F146D-C1A0-4153-9841-9C5508247043}.Release|x64.ActiveCfg = Release|x64
		{5A7F146D-C1A0-4153-9841-9C5508247043}.Release|x64.Build.0 = Release|x64
		{5A7F146D-C1A0-4153-9841-9C5508247043}.Release|x86.ActiveCfg = Release|Win32
		{5A7F146D-C1A0-4153-9841-9C5508247043}.Release|x86.Build.0 = Release|Win32
		{03F13090-8050-4C82-B938-B2F4F79DF0CA}.Debug|x64.ActiveCfg = Debug|x64
		{03F13090-8050-4C82-B938-B2F4F79DF0CA}.Debug|x64.Build.0 = Debug|x64
		{03F13090-8050-4C82-B938-B2F4F79DF0CA}.Debug|x86.ActiveCfg = Debug|Win32
		{03F13090-8050-4C82-B938-B2F4F79DF0CA}.Debug|x86.Build.0 = Debug|Win32
		{03F13090-8050-4C82-B938-B2F4F79DF0CA}.Release|x64.ActiveCfg = Release|x64
		{03F13090-8050-4C82-B938-B2F4F79DF0CA}.Release|x64.Build.0 = Release|x64
		{03F13090-8050-4C82-B938-B2F4F79DF0CA}.Release|x86.ActiveCfg = Release|Win32
		{03F13090-8050-4C82-B938-B2F4F79DF0CA}.Release|x86.Build.0 = Release|Win32
		{4FEA94CF-427D-45A7-A038-93EE9ADC6EAF}.Debug|x64.ActiveCfg = Debug|x64
		{4FEA94CF-427D-45A7-A038-93EE9ADC6EAF}.Debug|x64.Build.0 = Debug|x64
		{4FEA94CF-427D-45A7-A038-93EE9ADC6EAF}.Debug|x86.ActiveCfg = Debug|Win32
		{4FEA94CF-427D-45A7-A038-93EE9ADC6EAF}.Debug|x86.Build.0 = Debug|Win32
		{4FEA94CF-427D-45A7-A038-93EE9ADC6EAF}.Release|x64.ActiveCfg = Release|x64
		{4FEA94CF-427D-45A7-A038-93EE9ADC6EAF}.Release|x64.Build.0 = Release|x64
		{4FEA94CF-427D-45A7-A038-93EE9ADC6EAF}.Release|x86.ActiveCfg = Release|Win32
		{4FEA94CF-427D-45A7-A038-93EE9ADC6EAF}.Release|x86.Build.0 = Release|Win32
		{90490B5C-B1B6-48FB-8385-2F93F4C84FD2}.Debug|x64.ActiveCfg = Debug|x64
		{90490B5C-B1B6-48FB-8385-2F93F4C84FD2}.Debug|x64.Build.0 = Debug|x64
		{90490B5C-B1B6-48FB-8385-2F93F4C84FD2}.Debug|x86.ActiveCfg = Debug|Win32
		{90490B5C-B1B6-48FB-8385-2F93F4C84FD2}.Debug|x86.Build.0 = Debug|Win32
		{90490B5C-B1B6-48FB-8385-2F93F4C84FD2}.Release|x64.ActiveCfg = Release|x64
		{90490B5C-B1B6-48FB-8385-2F93F4C84FD2}.Release|x64.Build.0 = Release|x64
		{90490B5C-B1B6-48FB-8385-2F93F4C84FD2}.Release|x86.ActiveCfg = Release|Win32
		{90490B5C-B1B6-48FB-8385-2F93F4C84FD2}.Release|x86.Build.0 = Release|Win32
		{343BD25A-CE97-4E8F-8FD9-55CD872B20C7}.Debug|x64.ActiveCfg = Debug|x64
		{343BD25A-CE97-4E8F-8FD9-55CD872B20C7}.Debug|x64.Build.0 = Debug|x64
		{343BD25A-CE97-4E8F-8FD9-55CD872B20C7}.Debug|x86.ActiveCfg = Debug|Win32
		{343BD25A-CE97-4E8F-8FD9-55CD872B20C7}.Debug|x86.Build.0 = Debug|Win32
		{343BD25A-CE97-4E8F-8FD9-55CD872B20C7}.Release|x64.ActiveCfg = Release|x64
		{343BD25A-CE97-4E8F-8FD9-55CD872B20C7}.Release|x64.Build.0 = Release|x64
		{343BD25A-CE97-4E8F-8FD9-55CD872B20C7}.Release|x86.ActiveCfg = Release|Win32
		{343BD25A-CE97-4E8F-8FD9-55CD872B20C7}.Release|x86.Build.0 = Release|Win32
		{81B7CCCE-3625-457B-8961-E2BF02091066}.Debug|x64.ActiveCfg = Debug|x64
		{81B7CCCE-3625-457B-8961-E2BF02091066}.Debug|x64.Build.0 = Debug|x64
		{81B7CCCE-3625-457B-8961-E2BF02091066}.Debug|x86.ActiveCfg = Debug|Win32
		{81B7CCCE-3625-457B-8961-E2BF02091066}.Debug|x86.Build.0 = Debug|Win32
		{81B7CCCE-3625-457B-8961-E2BF02091066}.Release|x64.ActiveCfg = Release|x64
		{81B7CCCE-3625-457B-8961-E2BF02091066}.Release|x64.Build.0 = Release|x64
		{81B7CCCE-3625-457B-8961-E2BF02091066}.Release|x86.ActiveCfg = Release|Win32
		{81B7CCCE-3625-457B-8961-E2BF02091066}.Release|x86.Build.0 = Release|Win32
		{E7E64D82-7EAB-495B-B875-5CC2AEE39BF9}.Debug|x64.ActiveCfg = Debug|x64
		{E7E64D82-7EAB-495B-B875-5CC2AEE39BF9}.Debug|x64.Build.0 = Debug|x64
		{E7E64D82-7EAB-495B-B875-5CC2AEE39BF9}.Debug|x86.ActiveCfg = Debug|Win32
		{E7E64D82-7EAB-495B-B875-5CC2AEE39BF9}.Debug|x86.Build.0 = Debug|Win32
		{E7E64D82-7EAB-495B-B875-5CC2AEE39BF9}.Release|x64.ActiveCfg = Release|x64
		{E7E64D82-7EAB-495B-B875-5CC2AEE39BF9}.Release|x64.Build.0 = Release|x64
		{E7E64D82-7EAB-495B-B875-5CC2AEE39BF9}.Release|x86.ActiveCfg = Release|Win32
		{E7E64D82-7EAB-495B-B875-5CC2AEE39BF9}.Release|x86.Build.0 = Release|Win32
		{F8E7C2BE-F1CF-405B-9847-5E0B1FF27286}.Debug|x64.ActiveCfg = Debug|x64
		{F8E7C2BE-F1CF-405B-9847-5E0B1FF27286}.Debug|x64.Build.0 = Debug|x64
		{F8E7C2BE-F1CF-405B-9847-5E0B1FF27286}.Debug|x86.ActiveCfg = Debug|Win32
		{F8E7C2BE-F1CF-405B-9847-5E0B1FF27286}.Debug|x86.Build.0 = Debug|Win32
		{F8E7C2BE-F1CF-405B-9847-5E0B1FF27286}.Release|x64.ActiveCfg = Release|x64
		{F8E7C2BE-F1CF-405B-9847-5E0B1FF27286}.Release|x64.Build.0 = Release|x64
		{F8E7C2BE-F1CF-405B-9847-5E0B1FF27286}.Release|x86.ActiveCfg = Release|Win32
		{F8E7C2BE-F1CF-405B-9847-5E0B1FF27286}.Release|x86.Build.0 = Release|Win32
		{1DC72C18-07D3-462F-96DD-448498B96B21}.Debug|x64.ActiveCfg = Debug|x64
		{1DC72C18-07D3-462F-96DD-448498B96B21}.Debug|x64.Build.0 = Debug|x64
		{1DC72C18-07D3-462F-96DD-448498B96B21}.Debug|x86.ActiveCfg = Debug|Win32
		{1DC72C18-07D3-462F-96DD-448498B96B21}.Debug|x86.Build.0 = Debug|Win32
		{1DC72C18-07D3-462F-96DD-448498B96B21}.Release|x64.ActiveCfg = Release|x64
		{1DC72C18-07D3-462F-96DD-448498B96B21}.Release|x64.Build.0 = Release|x64
		{1DC72C18-07D3-462F-96DD-448498B96B21}.Release|x86.ActiveCfg = Release|Win32
		{1DC72C18-07D3-462F-96DD-448498B96B21}.Release|x86.Build.0 = Release|Win32
		{81880653-9FDD-4E15-B3E7-D7FB977AEA42}.Debug|x64.ActiveCfg = Debug|x64
		{81880653-9FDD-4E15-B3E7-D7FB977AEA42}.Debug|x64.Build.0 = Debug|x64
		{81880653-9FDD-4E15-B3E7-D7FB977AEA42}.Debug|x86.ActiveCfg = Debug|Win32
		{81880653-9FDD-4E15-B3E7-D7FB977AEA42}.Debug|x86.Build.0 = Debug|Win32
		{81880653-9FDD-4E15-B3E7-D7FB977AEA42}.Release|x64.ActiveCfg = Release|x64
		{81880653-9FDD-4E15-B3E7-D7FB977AEA42}.Release|x64.Build.0 = Release|x64
		{81880653-9FDD-4E15-B3E7-D7FB977AEA42}.Release|x86.ActiveCfg = Release|Win32
		{81880653-9FDD-4E15-B3E7-D7FB977AEA42}.Release|x86.Build.0 = Release|Win32
		{707485D8-28A8-4BA7-A688-CB93D93155E1}.Debug|x64.ActiveCfg = Debug|x64
		{707485D8-28A8-4BA7-A688-CB93D93155E1}.Debug|x64.Build.0 = Debug|x64
		{707485D8-28A8-4BA7-A688-CB93D93155E1}.Debug|x86.ActiveCfg = Debug|Win32
		{707485D8-28A8-4BA7-A688-CB93D93155E1}.Debug|x86.Build.0 = Debug|Win32
		{707485D8-28A8-4BA7-A688-CB93D93155E1}.Release|x64.ActiveCfg = Release|x64
		{707485D8-28A8-4BA7-A688-CB93D93155E1}.Release|x64.Build.0 = Release|x64
		{707485D8-28A8-4BA7-A688-CB93D93155E1}.Release|x86.ActiveCfg = Release|Win32
		{707485D8-28A8-4BA7-A688-CB93D93155E1}.Release|x86.Build.0 = Release|Win32
		{372C35D9-36E8-4665-B1B1-2F5A2636D460}.Debug|x64.ActiveCfg = Debug|x64
		{372C35D9-36E8-4665-B1B1-2F5A2636D460}.Debug|x64.Build.0 = Debug|x64
		{372C35D9-36E8-4665-B1B1-2F5A2636D460}.Debug|x86.ActiveCfg = Debug|Win32
		{372C35D9-36E8-4665-B1B1-2F5A2636D460}.Debug|x86.Build.0 = Debug|Win32
		{372C35D9-36E8-4665-B1B1-2F5A2636D460}.Release|x64.ActiveCfg = Release|x64
		{372C35D9-36E8-4665-B1B1-2F5A2636D460}.Release|x64.Build.0 = Release|x64
		{372C35D9-36E8-4665-B1B1-2F5A2636D460}.Release|x86.ActiveCfg = Release|Win32
		{372C35D9-36E8-4665-B1B1-2F5A2636D460}.Release|x86.Build.0 = Release|Win32
		{45A06342-1401-40AD-B3F9-16E619A2A22B}.Debug|x64.ActiveCfg = Debug|x64
		{45A06342-1401-40AD-B3F9-16E619A2A22B}.Debug|x64.Build.0 = Debug|x64
		{45A06342-1401-40AD-B3F9-16E619A2A22B}.Debug|x86.ActiveCfg = Debug|Win32
		{45A06342-1401-40AD-B3F9-16E619A2A22B}.Debug|x86.Build.0 = Debug|Win32
		{45A06342-1401-40AD-B3F9-16E619A2A22B}.Release|x64.ActiveCfg = Release|x64
		{45A06342-1401-40AD-B3F9-16E619A2A22B}.Release|x64.Build.0 = Release|x64
		{45A06342-1401-40AD-B3F9-16E619A2A22B}.Release|x86.ActiveCfg = Release|Win32
		{45A06342-1401-40AD-B3F9-16E619A2A22B}.Release|x86.Build.0 = Release|Win32
		{DD7F23E4-FF96-4970-B647-F28E180D249E}.Debug|x64.ActiveCfg = Debug|x64
		{DD7F23E4-FF96-4970-B647-F28E180D249E}.Debug|x64.Build.0 = Debug|x64
		{DD7F23E4-FF96-4970-B647-F28E180D249E}.Debug|x86.ActiveCfg = Debug|Win32
		{DD7F23E4-FF96-4970-B647-F28E180D249E}.Debug|x86.Build.0 = Debug|Win32
		{DD7F23E4-FF96-4970-B647-F28E180D249E}.Release|x64.ActiveCfg = Release|x64
		{DD7F23E4-FF96-4970-B647-F28E180D249E}.Release|x64.Build.0 = Release|x64
		{DD7F23E4-FF96-4970-B647-F28E180D249E}.Release|x86.ActiveCfg = Release|Win32
		{DD7F23E4-FF96-4970-B647-F28E180D249E}.Release|x86.Build.0 = Release|Win32
		{8F891D03-C949-45A8-ABA6-6B47DF00A15C}.Debug|x64.ActiveCfg = Debug|x64
		{8F891D03-C949-45A8-ABA6-6B47DF00A15C}.Debug|x64.Build.0 = Debug|x64
		{8F891D03-C949-45A8-ABA6-6B47DF00A15C}.Debug|x86.ActiveCfg = Debug|Win32
		{8F891D03-C949-45A8-ABA6-6B47DF00A15C}.Debug|x86.Build.0 = Debug|Win32
		{8F891D03-C949-45A8-ABA6-6B47DF00A15C}.Release|x64.ActiveCfg = Release|x64
		{8F891D03-C949-45A8-ABA6-6B47DF00A15C}.Release|x64.Build.0 = Release|x64
		{8F891D03-C949-45A8-ABA6-6B47DF00A15C}.Release|x86.ActiveCfg = Release|Win32
		{8F891D03-C949-45A8-ABA6-6B47DF00A15C}.Release|x86.Build.0 = Release|Win32
		{24DEA516-3DE8-458E-A40A-2B3765F0D07A}.Debug|x64.ActiveCfg = Debug|x64
		{24DEA516-3DE8-458E-A40A-2B3765F0D07A}.Debug|x64.Build.0 = Debug|x64
		{24DEA516-3DE8-458E-A40A-2B3765F0D07A}.Debug|x86.ActiveCfg = Debug|Win32
		{24DEA516-3DE8-458E-A40A-2B3765F0D07A}.Debug|x86.Build.0 = Debug|Win32
		{24DEA516-3DE8-458E-A40A-2B3765F0D07A}.Release|x64.ActiveCfg = Release|x64
		{24DEA516-3DE8-458E-A40A-2B3765F0D07A}.Release|x64.Build.0 = Release|x64
		{24DEA516-3DE8-458E-A40A-2B3765F0D07A}.Release|x86.ActiveCfg = Release|Win32
		{24DEA516-3DE8-458E-A40A-2B3765F0D07A}.Release|x86.Build.0 = Release|Win32
		{E4BB3560-44B4-4D20-9BD8-88F3FDF3B6FA}.Debug|x64.ActiveCfg = Debug|x64
		{E4BB3560-44B4-4D20-9BD8-88F3FDF3B6FA}.Debug|x64.Build.0 = Debug|x64
		{E4BB3560-44B4-4D20-9BD8-88F3FDF3B6FA}.Debug|x86.ActiveCfg = Debug|Win32
		{E4BB3560-44B4-4D20-9BD8-88F3FDF3B6FA}.Debug|x86.Build.0 = Debug|Win32
		{E4BB3560-44B4-4D20-9BD8-88F3FDF3B6FA}.Release|x64.ActiveCfg = Release|x64
		{E4BB3560-44B4-4D20-9BD8-88F3FDF3B6FA}.Release|x64.Build.0 = Release|x64
		{E4BB3560-44B4-4D20-9BD8-88F3FDF3B6FA}.Release|x86.ActiveCfg = Release|Win32
		{E4BB3560-44B4-4D20-9BD8-88F3FDF3B6FA}.Release|x86.Build.0 = Release|Win32
		{06B56577-D149-4CB9-B15A-0A266179FC8A}.Debug|x64.ActiveCfg = Debug|x64
		{06B56577-D149-4CB9-B15A-0A266179FC8A}.Debug|x64.Build.0 = Debug|x64
		{06B56577-D149-4CB9-B15A-0A266179FC8A}.Debug|x86.ActiveCfg = Debug|Win32
		{06B56577-D149-4CB9-B15A-0A266179FC8A}.Debug|x86.Build.0 = Debug|Win32
		{06B56577-D149-4CB9-B15A-0A266179FC8A}.Release|x64.ActiveCfg = Release|x64
		{06B56577-D149-4CB9-B15A-0A266179FC8A}.Release|x64.Build.0 = Release|x64
		{06B56577-D149-4CB9-B15A-0A266179FC8A}.Release|x86.ActiveCfg = Release|Win32
		{06B56577-D149-4CB9-B15A-0A266179FC8A}.Release|x86.Build.0 = Release|Win32
	EndGlobalSection
	GlobalSection(SolutionProperties) = preSolution
		HideSolutionNode = FALSE
	EndGlobalSection
EndGlobal
